
Microsoft Visual Studio Solution File, Format Version 12.00
# Visual Studio 15
VisualStudioVersion = 15.0.28307.539
MinimumVisualStudioVersion = 10.0.40219.1
Project("{8BC9CEB8-8B4A-11D0-8D11-00A0C91BC942}") = "disjoinset", "disjoinset\disjoinset.vcxproj", "{61807A12-1EA9-4372-BCB1-9ADC3A4CF3A1}"
EndProject
Global
	GlobalSection(SolutionConfigurationPlatforms) = preSolution
		Debug|x64 = Debug|x64
		Debug|x86 = Debug|x86
		Release|x64 = Release|x64
		Release|x86 = Release|x86
	EndGlobalSection
	GlobalSection(ProjectConfigurationPlatforms) = postSolution
		{61807A12-1EA9-4372-BCB1-9ADC3A4CF3A1}.Debug|x64.ActiveCfg = Debug|x64
		{61807A12-1EA9-4372-BCB1-9ADC3A4CF3A1}.Debug|x64.Build.0 = Debug|x64
		{61807A12-1EA9-4372-BCB1-9ADC3A4CF3A1}.Debug|x86.ActiveCfg = Debug|Win32
		{61807A12-1EA9-4372-BCB1-9ADC3A4CF3A1}.Debug|x86.Build.0 = Debug|Win32
		{61807A12-1EA9-4372-BCB1-9ADC3A4CF3A1}.Release|x64.ActiveCfg = Release|x64
		{61807A12-1EA9-4372-BCB1-9ADC3A4CF3A1}.Release|x64.Build.0 = Release|x64
		{61807A12-1EA9-4372-BCB1-9ADC3A4CF3A1}.Release|x86.ActiveCfg = Release|Win32
		{61807A12-1EA9-4372-BCB1-9ADC3A4CF3A1}.Release|x86.Build.0 = Release|Win32
	EndGlobalSection
	GlobalSection(SolutionProperties) = preSolution
		HideSolutionNode = FALSE
	EndGlobalSection
	GlobalSection(ExtensibilityGlobals) = postSolution
		SolutionGuid = {34DAC01D-F8A6-4765-A64B-DCF142E0CA56}
	EndGlobalSection
EndGlobal
