
Microsoft Visual Studio Solution File, Format Version 12.00
# Visual Studio 15
VisualStudioVersion = 15.0.27130.2024
MinimumVisualStudioVersion = 10.0.40219.1
Project("{8BC9CEB8-8B4A-11D0-8D11-00A0C91BC942}") = "sorting", "sorting\sorting.vcxproj", "{ADEBC21A-2C94-4653-9564-D281022A7122}"
EndProject
Global
	GlobalSection(SolutionConfigurationPlatforms) = preSolution
		Debug|x64 = Debug|x64
		Debug|x86 = Debug|x86
		Release|x64 = Release|x64
		Release|x86 = Release|x86
	EndGlobalSection
	GlobalSection(ProjectConfigurationPlatforms) = postSolution
		{ADEBC21A-2C94-4653-9564-D281022A7122}.Debug|x64.ActiveCfg = Debug|x64
		{ADEBC21A-2C94-4653-9564-D281022A7122}.Debug|x64.Build.0 = Debug|x64
		{ADEBC21A-2C94-4653-9564-D281022A7122}.Debug|x86.ActiveCfg = Debug|Win32
		{ADEBC21A-2C94-4653-9564-D281022A7122}.Debug|x86.Build.0 = Debug|Win32
		{ADEBC21A-2C94-4653-9564-D281022A7122}.Release|x64.ActiveCfg = Release|x64
		{ADEBC21A-2C94-4653-9564-D281022A7122}.Release|x64.Build.0 = Release|x64
		{ADEBC21A-2C94-4653-9564-D281022A7122}.Release|x86.ActiveCfg = Release|Win32
		{ADEBC21A-2C94-4653-9564-D281022A7122}.Release|x86.Build.0 = Release|Win32
	EndGlobalSection
	GlobalSection(SolutionProperties) = preSolution
		HideSolutionNode = FALSE
	EndGlobalSection
	GlobalSection(ExtensibilityGlobals) = postSolution
		SolutionGuid = {BA8C1962-EDC8-46CE-BFD3-2BF2B581F0CC}
	EndGlobalSection
EndGlobal
